// !$*UTF8*$!
{
	archiveVersion = 1;
	classes = {
	};
	objectVersion = 48;
	objects = {

/* Begin PBXBuildFile section */
		74B79258202B3254006BCB41 /* AppDelegate.swift in Sources */ = {isa = PBXBuildFile; fileRef = 74B79257202B3254006BCB41 /* AppDelegate.swift */; };
		74B7925F202B3254006BCB41 /* Assets.xcassets in Resources */ = {isa = PBXBuildFile; fileRef = 74B7925E202B3254006BCB41 /* Assets.xcassets */; };
		78056DFF23D06A1F00F07961 /* Kingfisher.framework in Frameworks */ = {isa = PBXBuildFile; fileRef = 7828D18923D067E20072C2C3 /* Kingfisher.framework */; };
		78056E0023D06A1F00F07961 /* Kingfisher.framework in Embed Frameworks */ = {isa = PBXBuildFile; fileRef = 7828D18923D067E20072C2C3 /* Kingfisher.framework */; settings = {ATTRIBUTES = (CodeSignOnCopy, RemoveHeadersOnCopy, ); }; };
		7813F51B23CCB89A005E6091 /* LoginScreenViewController.swift in Sources */ = {isa = PBXBuildFile; fileRef = 7813F51A23CCB89A005E6091 /* LoginScreenViewController.swift */; };
		7813F51D23D0E750005E6091 /* User.swift in Sources */ = {isa = PBXBuildFile; fileRef = 7813F51C23D0E750005E6091 /* User.swift */; };
		7813F51F23D37791005E6091 /* enums.swift in Sources */ = {isa = PBXBuildFile; fileRef = 7813F51E23D37790005E6091 /* enums.swift */; };
		7813F52123D582C7005E6091 /* Requests.swift in Sources */ = {isa = PBXBuildFile; fileRef = 7813F52023D582C7005E6091 /* Requests.swift */; };
		7828D18323CCFBA30072C2C3 /* Account.swift in Sources */ = {isa = PBXBuildFile; fileRef = 7828D18223CCFBA30072C2C3 /* Account.swift */; };
		7828D18723D03AF70072C2C3 /* Post.swift in Sources */ = {isa = PBXBuildFile; fileRef = 7828D18623D03AF70072C2C3 /* Post.swift */; };
		78481022232E2FF0002DBA52 /* Launch Screen.storyboard in Resources */ = {isa = PBXBuildFile; fileRef = 78481021232E2FF0002DBA52 /* Launch Screen.storyboard */; };
		78481024232E321D002DBA52 /* Main.storyboard in Resources */ = {isa = PBXBuildFile; fileRef = 78481023232E321D002DBA52 /* Main.storyboard */; };
		78481026232E32B2002DBA52 /* FeedViewController.swift in Sources */ = {isa = PBXBuildFile; fileRef = 78481025232E32B2002DBA52 /* FeedViewController.swift */; };
		7848102A232E363D002DBA52 /* FeedViewCell.swift in Sources */ = {isa = PBXBuildFile; fileRef = 78481029232E363D002DBA52 /* FeedViewCell.swift */; };
		7865A8C1237C92ED009D9FE5 /* FilterViewController.swift in Sources */ = {isa = PBXBuildFile; fileRef = 7865A8C0237C92ED009D9FE5 /* FilterViewController.swift */; };
		7865A8C3237D4867009D9FE5 /* FilterViewCell.swift in Sources */ = {isa = PBXBuildFile; fileRef = 7865A8C2237D4867009D9FE5 /* FilterViewCell.swift */; };
		7865A8C5237EB319009D9FE5 /* ShareViewController.swift in Sources */ = {isa = PBXBuildFile; fileRef = 7865A8C4237EB318009D9FE5 /* ShareViewController.swift */; };
		7870E4712379496000E64F7F /* Alert.swift in Sources */ = {isa = PBXBuildFile; fileRef = 7870E4702379496000E64F7F /* Alert.swift */; };
		7870E473237AE5C900E64F7F /* NewpostViewController.swift in Sources */ = {isa = PBXBuildFile; fileRef = 7870E472237AE5C900E64F7F /* NewpostViewController.swift */; };
		78FDBA97233A06FC0028BFBF /* CollectionViewCell.xib in Resources */ = {isa = PBXBuildFile; fileRef = 78FDBA96233A06FC0028BFBF /* CollectionViewCell.xib */; };
		78FDBA99233A07860028BFBF /* CollectionViewCell.swift in Sources */ = {isa = PBXBuildFile; fileRef = 78FDBA98233A07860028BFBF /* CollectionViewCell.swift */; };
		78FDBA9B233A08B30028BFBF /* HeaderCollectionView.xib in Resources */ = {isa = PBXBuildFile; fileRef = 78FDBA9A233A08B30028BFBF /* HeaderCollectionView.xib */; };
		78FDBA9D233A0A4F0028BFBF /* HeaderCollectionView.swift in Sources */ = {isa = PBXBuildFile; fileRef = 78FDBA9C233A0A4F0028BFBF /* HeaderCollectionView.swift */; };
		78FDBA9F233A86E50028BFBF /* CollectionViewController.swift in Sources */ = {isa = PBXBuildFile; fileRef = 78FDBA9E233A86E50028BFBF /* CollectionViewController.swift */; };
		78FDBAA1233CC5470028BFBF /* likeTableViewCell.swift in Sources */ = {isa = PBXBuildFile; fileRef = 78FDBAA0233CC5470028BFBF /* likeTableViewCell.swift */; };
		78FDBAA3233CC6730028BFBF /* likeTableViewController.swift in Sources */ = {isa = PBXBuildFile; fileRef = 78FDBAA2233CC6730028BFBF /* likeTableViewController.swift */; };
		78FDBAA5233E9C9C0028BFBF /* OtherUserProfileControllerViewController.swift in Sources */ = {isa = PBXBuildFile; fileRef = 78FDBAA4233E9C9C0028BFBF /* OtherUserProfileControllerViewController.swift */; };
/* End PBXBuildFile section */

/* Begin PBXCopyFilesBuildPhase section */
		74B7927A202B33EA006BCB41 /* Embed Frameworks */ = {
			isa = PBXCopyFilesBuildPhase;
			buildActionMask = 2147483647;
			dstPath = "";
			dstSubfolderSpec = 10;
			files = (
				78056E0023D06A1F00F07961 /* Kingfisher.framework in Embed Frameworks */,
			);
			name = "Embed Frameworks";
			runOnlyForDeploymentPostprocessing = 0;
		};
/* End PBXCopyFilesBuildPhase section */

/* Begin PBXFileReference section */
		74B79254202B3254006BCB41 /* Course2FinalTask.app */ = {isa = PBXFileReference; explicitFileType = wrapper.application; includeInIndex = 0; path = Course2FinalTask.app; sourceTree = BUILT_PRODUCTS_DIR; };
		74B79257202B3254006BCB41 /* AppDelegate.swift */ = {isa = PBXFileReference; lastKnownFileType = sourcecode.swift; path = AppDelegate.swift; sourceTree = "<group>"; };
		74B7925E202B3254006BCB41 /* Assets.xcassets */ = {isa = PBXFileReference; lastKnownFileType = folder.assetcatalog; path = Assets.xcassets; sourceTree = "<group>"; };
		74B79263202B3254006BCB41 /* Info.plist */ = {isa = PBXFileReference; lastKnownFileType = text.plist.xml; path = Info.plist; sourceTree = "<group>"; };
		7813F51A23CCB89A005E6091 /* LoginScreenViewController.swift */ = {isa = PBXFileReference; lastKnownFileType = sourcecode.swift; path = LoginScreenViewController.swift; sourceTree = "<group>"; };
		7813F51C23D0E750005E6091 /* User.swift */ = {isa = PBXFileReference; lastKnownFileType = sourcecode.swift; path = User.swift; sourceTree = "<group>"; };
		7813F51E23D37790005E6091 /* enums.swift */ = {isa = PBXFileReference; lastKnownFileType = sourcecode.swift; path = enums.swift; sourceTree = "<group>"; };
		7813F52023D582C7005E6091 /* Requests.swift */ = {isa = PBXFileReference; lastKnownFileType = sourcecode.swift; path = Requests.swift; sourceTree = "<group>"; };
		7828D18223CCFBA30072C2C3 /* Account.swift */ = {isa = PBXFileReference; lastKnownFileType = sourcecode.swift; path = Account.swift; sourceTree = "<group>"; };
		7828D18623D03AF70072C2C3 /* Post.swift */ = {isa = PBXFileReference; lastKnownFileType = sourcecode.swift; path = Post.swift; sourceTree = "<group>"; };
		7828D18923D067E20072C2C3 /* Kingfisher.framework */ = {isa = PBXFileReference; lastKnownFileType = wrapper.framework; name = Kingfisher.framework; path = Carthage/Build/iOS/Kingfisher.framework; sourceTree = "<group>"; };
		78481021232E2FF0002DBA52 /* Launch Screen.storyboard */ = {isa = PBXFileReference; lastKnownFileType = file.storyboard; path = "Launch Screen.storyboard"; sourceTree = "<group>"; };
		78481023232E321D002DBA52 /* Main.storyboard */ = {isa = PBXFileReference; lastKnownFileType = file.storyboard; path = Main.storyboard; sourceTree = "<group>"; };
		78481025232E32B2002DBA52 /* FeedViewController.swift */ = {isa = PBXFileReference; lastKnownFileType = sourcecode.swift; path = FeedViewController.swift; sourceTree = "<group>"; };
		78481029232E363D002DBA52 /* FeedViewCell.swift */ = {isa = PBXFileReference; lastKnownFileType = sourcecode.swift; path = FeedViewCell.swift; sourceTree = "<group>"; };
		7865A8C0237C92ED009D9FE5 /* FilterViewController.swift */ = {isa = PBXFileReference; lastKnownFileType = sourcecode.swift; path = FilterViewController.swift; sourceTree = "<group>"; };
		7865A8C2237D4867009D9FE5 /* FilterViewCell.swift */ = {isa = PBXFileReference; lastKnownFileType = sourcecode.swift; path = FilterViewCell.swift; sourceTree = "<group>"; };
		7865A8C4237EB318009D9FE5 /* ShareViewController.swift */ = {isa = PBXFileReference; lastKnownFileType = sourcecode.swift; path = ShareViewController.swift; sourceTree = "<group>"; };
		7870E4702379496000E64F7F /* Alert.swift */ = {isa = PBXFileReference; lastKnownFileType = sourcecode.swift; path = Alert.swift; sourceTree = "<group>"; };
		7870E472237AE5C900E64F7F /* NewpostViewController.swift */ = {isa = PBXFileReference; lastKnownFileType = sourcecode.swift; path = NewpostViewController.swift; sourceTree = "<group>"; };
		78FDBA96233A06FC0028BFBF /* CollectionViewCell.xib */ = {isa = PBXFileReference; lastKnownFileType = file.xib; path = CollectionViewCell.xib; sourceTree = "<group>"; };
		78FDBA98233A07860028BFBF /* CollectionViewCell.swift */ = {isa = PBXFileReference; lastKnownFileType = sourcecode.swift; path = CollectionViewCell.swift; sourceTree = "<group>"; };
		78FDBA9A233A08B30028BFBF /* HeaderCollectionView.xib */ = {isa = PBXFileReference; lastKnownFileType = file.xib; path = HeaderCollectionView.xib; sourceTree = "<group>"; };
		78FDBA9C233A0A4F0028BFBF /* HeaderCollectionView.swift */ = {isa = PBXFileReference; lastKnownFileType = sourcecode.swift; path = HeaderCollectionView.swift; sourceTree = "<group>"; };
		78FDBA9E233A86E50028BFBF /* CollectionViewController.swift */ = {isa = PBXFileReference; lastKnownFileType = sourcecode.swift; path = CollectionViewController.swift; sourceTree = "<group>"; };
		78FDBAA0233CC5470028BFBF /* likeTableViewCell.swift */ = {isa = PBXFileReference; lastKnownFileType = sourcecode.swift; path = likeTableViewCell.swift; sourceTree = "<group>"; };
		78FDBAA2233CC6730028BFBF /* likeTableViewController.swift */ = {isa = PBXFileReference; lastKnownFileType = sourcecode.swift; path = likeTableViewController.swift; sourceTree = "<group>"; };
		78FDBAA4233E9C9C0028BFBF /* OtherUserProfileControllerViewController.swift */ = {isa = PBXFileReference; lastKnownFileType = sourcecode.swift; path = OtherUserProfileControllerViewController.swift; sourceTree = "<group>"; };
/* End PBXFileReference section */

/* Begin PBXFrameworksBuildPhase section */
		74B79251202B3254006BCB41 /* Frameworks */ = {
			isa = PBXFrameworksBuildPhase;
			buildActionMask = 2147483647;
			files = (
				78056DFF23D06A1F00F07961 /* Kingfisher.framework in Frameworks */,
			);
			runOnlyForDeploymentPostprocessing = 0;
		};
/* End PBXFrameworksBuildPhase section */

/* Begin PBXGroup section */
		74B7924B202B3254006BCB41 = {
			isa = PBXGroup;
			children = (
				74B79256202B3254006BCB41 /* Course2FinalTask */,
				74B79255202B3254006BCB41 /* Products */,
				7828D18823D067E10072C2C3 /* Frameworks */,
			);
			sourceTree = "<group>";
		};
		74B79255202B3254006BCB41 /* Products */ = {
			isa = PBXGroup;
			children = (
				74B79254202B3254006BCB41 /* Course2FinalTask.app */,
			);
			name = Products;
			sourceTree = "<group>";
		};
		74B79256202B3254006BCB41 /* Course2FinalTask */ = {
			isa = PBXGroup;
			children = (
				74B7927B202B3427006BCB41 /* Code */,
				74B7927C202B342E006BCB41 /* Resources */,
				74B7927D202B3434006BCB41 /* Supporting Files */,
				78481021232E2FF0002DBA52 /* Launch Screen.storyboard */,
			);
			path = Course2FinalTask;
			sourceTree = "<group>";
		};
		74B7927B202B3427006BCB41 /* Code */ = {
			isa = PBXGroup;
			children = (
				78481023232E321D002DBA52 /* Main.storyboard */,
				74B79257202B3254006BCB41 /* AppDelegate.swift */,
				7870E4702379496000E64F7F /* Alert.swift */,
				788B4E69244F69E900297DA4 /* FeedView */,
				788B4E68244F698B00297DA4 /* CollectionView */,
				788B4E6A244F6A0B00297DA4 /* LikeTableView */,
				788B4E6B244F6A3200297DA4 /* LoginScreen */,
				788B4E6C244F6A5300297DA4 /* NewPostView */,
				7828D18223CCFBA30072C2C3 /* Account.swift */,
				7828D18623D03AF70072C2C3 /* Post.swift */,
				7813F51C23D0E750005E6091 /* User.swift */,
				7813F51E23D37790005E6091 /* enums.swift */,
				7813F52023D582C7005E6091 /* Requests.swift */,
			);
			path = Code;
			sourceTree = "<group>";
		};
		74B7927C202B342E006BCB41 /* Resources */ = {
			isa = PBXGroup;
			children = (
				74B7925E202B3254006BCB41 /* Assets.xcassets */,
			);
			path = Resources;
			sourceTree = "<group>";
		};
		74B7927D202B3434006BCB41 /* Supporting Files */ = {
			isa = PBXGroup;
			children = (
				74B79263202B3254006BCB41 /* Info.plist */,
			);
			path = "Supporting Files";
			sourceTree = "<group>";
		};
		7828D18823D067E10072C2C3 /* Frameworks */ = {
			isa = PBXGroup;
			children = (
				7828D18923D067E20072C2C3 /* Kingfisher.framework */,
			);
			name = Frameworks;
			sourceTree = "<group>";
		};
		788B4E68244F698B00297DA4 /* CollectionView */ = {
			isa = PBXGroup;
			children = (
				78FDBA9C233A0A4F0028BFBF /* HeaderCollectionView.swift */,
				78FDBA96233A06FC0028BFBF /* CollectionViewCell.xib */,
				78FDBA98233A07860028BFBF /* CollectionViewCell.swift */,
				78FDBA9E233A86E50028BFBF /* CollectionViewController.swift */,
				78FDBA9A233A08B30028BFBF /* HeaderCollectionView.xib */,
				78FDBAA4233E9C9C0028BFBF /* OtherUserProfileControllerViewController.swift */,
			);
			path = CollectionView;
			sourceTree = "<group>";
		};
		788B4E69244F69E900297DA4 /* FeedView */ = {
			isa = PBXGroup;
			children = (
				78481025232E32B2002DBA52 /* FeedViewController.swift */,
				78481029232E363D002DBA52 /* FeedViewCell.swift */,
			);
			path = FeedView;
			sourceTree = "<group>";
		};
		788B4E6A244F6A0B00297DA4 /* LikeTableView */ = {
			isa = PBXGroup;
			children = (
				78FDBAA0233CC5470028BFBF /* likeTableViewCell.swift */,
				78FDBAA2233CC6730028BFBF /* likeTableViewController.swift */,
			);
			path = LikeTableView;
			sourceTree = "<group>";
		};
		788B4E6B244F6A3200297DA4 /* LoginScreen */ = {
			isa = PBXGroup;
			children = (
				7813F51A23CCB89A005E6091 /* LoginScreenViewController.swift */,
			);
			path = LoginScreen;
			sourceTree = "<group>";
		};
		788B4E6C244F6A5300297DA4 /* NewPostView */ = {
			isa = PBXGroup;
			children = (
				7870E472237AE5C900E64F7F /* NewpostViewController.swift */,
				7865A8C0237C92ED009D9FE5 /* FilterViewController.swift */,
				7865A8C2237D4867009D9FE5 /* FilterViewCell.swift */,
				7865A8C4237EB318009D9FE5 /* ShareViewController.swift */,
			);
			path = NewPostView;
			sourceTree = "<group>";
		};
/* End PBXGroup section */

/* Begin PBXNativeTarget section */
		74B79253202B3254006BCB41 /* Course2FinalTask */ = {
			isa = PBXNativeTarget;
			buildConfigurationList = 74B79266202B3254006BCB41 /* Build configuration list for PBXNativeTarget "Course2FinalTask" */;
			buildPhases = (
				74B79250202B3254006BCB41 /* Sources */,
				74B79251202B3254006BCB41 /* Frameworks */,
				74B79252202B3254006BCB41 /* Resources */,
				74B7927A202B33EA006BCB41 /* Embed Frameworks */,
				78056E0123D06B2800F07961 /* ShellScript */,
			);
			buildRules = (
			);
			dependencies = (
			);
			name = Course2FinalTask;
			productName = Course2Week3FinalTask;
			productReference = 74B79254202B3254006BCB41 /* Course2FinalTask.app */;
			productType = "com.apple.product-type.application";
		};
/* End PBXNativeTarget section */

/* Begin PBXProject section */
		74B7924C202B3254006BCB41 /* Project object */ = {
			isa = PBXProject;
			attributes = {
				LastSwiftUpdateCheck = 0920;
				LastUpgradeCheck = 1030;
				ORGANIZATIONNAME = "e-Legion";
				TargetAttributes = {
					74B79253202B3254006BCB41 = {
						CreatedOnToolsVersion = 9.2;
						LastSwiftMigration = 1030;
						ProvisioningStyle = Automatic;
					};
				};
			};
			buildConfigurationList = 74B7924F202B3254006BCB41 /* Build configuration list for PBXProject "Course2FinalTask" */;
			compatibilityVersion = "Xcode 8.0";
			developmentRegion = en;
			hasScannedForEncodings = 0;
			knownRegions = (
				en,
				Base,
			);
			mainGroup = 74B7924B202B3254006BCB41;
			productRefGroup = 74B79255202B3254006BCB41 /* Products */;
			projectDirPath = "";
			projectRoot = "";
			targets = (
				74B79253202B3254006BCB41 /* Course2FinalTask */,
			);
		};
/* End PBXProject section */

/* Begin PBXResourcesBuildPhase section */
		74B79252202B3254006BCB41 /* Resources */ = {
			isa = PBXResourcesBuildPhase;
			buildActionMask = 2147483647;
			files = (
				78481024232E321D002DBA52 /* Main.storyboard in Resources */,
				78481022232E2FF0002DBA52 /* Launch Screen.storyboard in Resources */,
				78FDBA97233A06FC0028BFBF /* CollectionViewCell.xib in Resources */,
				78FDBA9B233A08B30028BFBF /* HeaderCollectionView.xib in Resources */,
				74B7925F202B3254006BCB41 /* Assets.xcassets in Resources */,
			);
			runOnlyForDeploymentPostprocessing = 0;
		};
/* End PBXResourcesBuildPhase section */

/* Begin PBXShellScriptBuildPhase section */
		78056E0123D06B2800F07961 /* ShellScript */ = {
			isa = PBXShellScriptBuildPhase;
			buildActionMask = 2147483647;
			files = (
			);
			inputFileListPaths = (
			);
			inputPaths = (
				"$(SRCROOT)/Carthage/Build/iOS/Kingfisher.framework",
			);
			outputFileListPaths = (
			);
			outputPaths = (
			);
			runOnlyForDeploymentPostprocessing = 0;
			shellPath = /bin/sh;
			shellScript = "/usr/local/bin/carthage copy-frameworks\n";
		};
/* End PBXShellScriptBuildPhase section */

/* Begin PBXSourcesBuildPhase section */
		74B79250202B3254006BCB41 /* Sources */ = {
			isa = PBXSourcesBuildPhase;
			buildActionMask = 2147483647;
			files = (
				7865A8C5237EB319009D9FE5 /* ShareViewController.swift in Sources */,
				78FDBA9F233A86E50028BFBF /* CollectionViewController.swift in Sources */,
				78481026232E32B2002DBA52 /* FeedViewController.swift in Sources */,
				78FDBAA1233CC5470028BFBF /* likeTableViewCell.swift in Sources */,
				7828D18723D03AF70072C2C3 /* Post.swift in Sources */,
				7870E473237AE5C900E64F7F /* NewpostViewController.swift in Sources */,
				7828D18323CCFBA30072C2C3 /* Account.swift in Sources */,
				74B79258202B3254006BCB41 /* AppDelegate.swift in Sources */,
				78FDBAA3233CC6730028BFBF /* likeTableViewController.swift in Sources */,
				7865A8C1237C92ED009D9FE5 /* FilterViewController.swift in Sources */,
				7813F51B23CCB89A005E6091 /* LoginScreenViewController.swift in Sources */,
				78FDBA99233A07860028BFBF /* CollectionViewCell.swift in Sources */,
				78FDBAA5233E9C9C0028BFBF /* OtherUserProfileControllerViewController.swift in Sources */,
				7813F52123D582C7005E6091 /* Requests.swift in Sources */,
				7848102A232E363D002DBA52 /* FeedViewCell.swift in Sources */,
				7813F51F23D37791005E6091 /* enums.swift in Sources */,
				7813F51D23D0E750005E6091 /* User.swift in Sources */,
				7865A8C3237D4867009D9FE5 /* FilterViewCell.swift in Sources */,
				7870E4712379496000E64F7F /* Alert.swift in Sources */,
				78FDBA9D233A0A4F0028BFBF /* HeaderCollectionView.swift in Sources */,
			);
			runOnlyForDeploymentPostprocessing = 0;
		};
/* End PBXSourcesBuildPhase section */

/* Begin XCBuildConfiguration section */
		74B79264202B3254006BCB41 /* Debug */ = {
			isa = XCBuildConfiguration;
			buildSettings = {
				ALWAYS_SEARCH_USER_PATHS = NO;
				CLANG_ANALYZER_NONNULL = YES;
				CLANG_ANALYZER_NUMBER_OBJECT_CONVERSION = YES_AGGRESSIVE;
				CLANG_CXX_LANGUAGE_STANDARD = "gnu++14";
				CLANG_CXX_LIBRARY = "libc++";
				CLANG_ENABLE_MODULES = YES;
				CLANG_ENABLE_OBJC_ARC = YES;
				CLANG_WARN_BLOCK_CAPTURE_AUTORELEASING = YES;
				CLANG_WARN_BOOL_CONVERSION = YES;
				CLANG_WARN_COMMA = YES;
				CLANG_WARN_CONSTANT_CONVERSION = YES;
				CLANG_WARN_DEPRECATED_OBJC_IMPLEMENTATIONS = YES;
				CLANG_WARN_DIRECT_OBJC_ISA_USAGE = YES_ERROR;
				CLANG_WARN_DOCUMENTATION_COMMENTS = YES;
				CLANG_WARN_EMPTY_BODY = YES;
				CLANG_WARN_ENUM_CONVERSION = YES;
				CLANG_WARN_INFINITE_RECURSION = YES;
				CLANG_WARN_INT_CONVERSION = YES;
				CLANG_WARN_NON_LITERAL_NULL_CONVERSION = YES;
				CLANG_WARN_OBJC_IMPLICIT_RETAIN_SELF = YES;
				CLANG_WARN_OBJC_LITERAL_CONVERSION = YES;
				CLANG_WARN_OBJC_ROOT_CLASS = YES_ERROR;
				CLANG_WARN_RANGE_LOOP_ANALYSIS = YES;
				CLANG_WARN_STRICT_PROTOTYPES = YES;
				CLANG_WARN_SUSPICIOUS_MOVE = YES;
				CLANG_WARN_UNGUARDED_AVAILABILITY = YES_AGGRESSIVE;
				CLANG_WARN_UNREACHABLE_CODE = YES;
				CLANG_WARN__DUPLICATE_METHOD_MATCH = YES;
				CODE_SIGN_IDENTITY = "iPhone Developer";
				COPY_PHASE_STRIP = NO;
				DEBUG_INFORMATION_FORMAT = dwarf;
				ENABLE_STRICT_OBJC_MSGSEND = YES;
				ENABLE_TESTABILITY = YES;
				GCC_C_LANGUAGE_STANDARD = gnu11;
				GCC_DYNAMIC_NO_PIC = NO;
				GCC_NO_COMMON_BLOCKS = YES;
				GCC_OPTIMIZATION_LEVEL = 0;
				GCC_PREPROCESSOR_DEFINITIONS = (
					"DEBUG=1",
					"$(inherited)",
				);
				GCC_WARN_64_TO_32_BIT_CONVERSION = YES;
				GCC_WARN_ABOUT_RETURN_TYPE = YES_ERROR;
				GCC_WARN_UNDECLARED_SELECTOR = YES;
				GCC_WARN_UNINITIALIZED_AUTOS = YES_AGGRESSIVE;
				GCC_WARN_UNUSED_FUNCTION = YES;
				GCC_WARN_UNUSED_VARIABLE = YES;
				IPHONEOS_DEPLOYMENT_TARGET = 11.0;
				MTL_ENABLE_DEBUG_INFO = YES;
				ONLY_ACTIVE_ARCH = YES;
				SDKROOT = iphoneos;
				SWIFT_ACTIVE_COMPILATION_CONDITIONS = DEBUG;
				SWIFT_OPTIMIZATION_LEVEL = "-Onone";
			};
			name = Debug;
		};
		74B79265202B3254006BCB41 /* Release */ = {
			isa = XCBuildConfiguration;
			buildSettings = {
				ALWAYS_SEARCH_USER_PATHS = NO;
				CLANG_ANALYZER_NONNULL = YES;
				CLANG_ANALYZER_NUMBER_OBJECT_CONVERSION = YES_AGGRESSIVE;
				CLANG_CXX_LANGUAGE_STANDARD = "gnu++14";
				CLANG_CXX_LIBRARY = "libc++";
				CLANG_ENABLE_MODULES = YES;
				CLANG_ENABLE_OBJC_ARC = YES;
				CLANG_WARN_BLOCK_CAPTURE_AUTORELEASING = YES;
				CLANG_WARN_BOOL_CONVERSION = YES;
				CLANG_WARN_COMMA = YES;
				CLANG_WARN_CONSTANT_CONVERSION = YES;
				CLANG_WARN_DEPRECATED_OBJC_IMPLEMENTATIONS = YES;
				CLANG_WARN_DIRECT_OBJC_ISA_USAGE = YES_ERROR;
				CLANG_WARN_DOCUMENTATION_COMMENTS = YES;
				CLANG_WARN_EMPTY_BODY = YES;
				CLANG_WARN_ENUM_CONVERSION = YES;
				CLANG_WARN_INFINITE_RECURSION = YES;
				CLANG_WARN_INT_CONVERSION = YES;
				CLANG_WARN_NON_LITERAL_NULL_CONVERSION = YES;
				CLANG_WARN_OBJC_IMPLICIT_RETAIN_SELF = YES;
				CLANG_WARN_OBJC_LITERAL_CONVERSION = YES;
				CLANG_WARN_OBJC_ROOT_CLASS = YES_ERROR;
				CLANG_WARN_RANGE_LOOP_ANALYSIS = YES;
				CLANG_WARN_STRICT_PROTOTYPES = YES;
				CLANG_WARN_SUSPICIOUS_MOVE = YES;
				CLANG_WARN_UNGUARDED_AVAILABILITY = YES_AGGRESSIVE;
				CLANG_WARN_UNREACHABLE_CODE = YES;
				CLANG_WARN__DUPLICATE_METHOD_MATCH = YES;
				CODE_SIGN_IDENTITY = "iPhone Developer";
				COPY_PHASE_STRIP = NO;
				DEBUG_INFORMATION_FORMAT = "dwarf-with-dsym";
				ENABLE_NS_ASSERTIONS = NO;
				ENABLE_STRICT_OBJC_MSGSEND = YES;
				GCC_C_LANGUAGE_STANDARD = gnu11;
				GCC_NO_COMMON_BLOCKS = YES;
				GCC_WARN_64_TO_32_BIT_CONVERSION = YES;
				GCC_WARN_ABOUT_RETURN_TYPE = YES_ERROR;
				GCC_WARN_UNDECLARED_SELECTOR = YES;
				GCC_WARN_UNINITIALIZED_AUTOS = YES_AGGRESSIVE;
				GCC_WARN_UNUSED_FUNCTION = YES;
				GCC_WARN_UNUSED_VARIABLE = YES;
				IPHONEOS_DEPLOYMENT_TARGET = 11.0;
				MTL_ENABLE_DEBUG_INFO = NO;
				SDKROOT = iphoneos;
				SWIFT_OPTIMIZATION_LEVEL = "-Owholemodule";
				VALIDATE_PRODUCT = YES;
			};
			name = Release;
		};
		74B79267202B3254006BCB41 /* Debug */ = {
			isa = XCBuildConfiguration;
			buildSettings = {
				ASSETCATALOG_COMPILER_APPICON_NAME = AppIcon;
				"CODE_SIGN_IDENTITY[sdk=iphoneos*]" = "iPhone Developer";
				CODE_SIGN_STYLE = Automatic;
				DEVELOPMENT_TEAM = RHFX673HZH;
				ENABLE_BITCODE = NO;
				FRAMEWORK_SEARCH_PATHS = (
					"$(inherited)",
					"$(PROJECT_DIR)",
					"$(PROJECT_DIR)/Carthage/Build/iOS",
				);
				INFOPLIST_FILE = "$(SRCROOT)/Course2FinalTask/Supporting Files/Info.plist";
				LD_RUNPATH_SEARCH_PATHS = "$(inherited) @executable_path/Frameworks";
				PRODUCT_BUNDLE_IDENTIFIER = Course2FinalTask22;
				PRODUCT_NAME = "$(TARGET_NAME)";
				PROVISIONING_PROFILE_SPECIFIER = "";
				SWIFT_VERSION = 5.0;
				TARGETED_DEVICE_FAMILY = 1;
			};
			name = Debug;
		};
		74B79268202B3254006BCB41 /* Release */ = {
			isa = XCBuildConfiguration;
			buildSettings = {
				ASSETCATALOG_COMPILER_APPICON_NAME = AppIcon;
				"CODE_SIGN_IDENTITY[sdk=iphoneos*]" = "iPhone Developer";
				CODE_SIGN_STYLE = Automatic;
				DEVELOPMENT_TEAM = RHFX673HZH;
				ENABLE_BITCODE = NO;
				FRAMEWORK_SEARCH_PATHS = (
					"$(inherited)",
					"$(PROJECT_DIR)",
					"$(PROJECT_DIR)/Carthage/Build/iOS",
				);
				INFOPLIST_FILE = "$(SRCROOT)/Course2FinalTask/Supporting Files/Info.plist";
				LD_RUNPATH_SEARCH_PATHS = "$(inherited) @executable_path/Frameworks";
				PRODUCT_BUNDLE_IDENTIFIER = Course2FinalTask22;
				PRODUCT_NAME = "$(TARGET_NAME)";
				PROVISIONING_PROFILE_SPECIFIER = "";
				SWIFT_VERSION = 5.0;
				TARGETED_DEVICE_FAMILY = 1;
			};
			name = Release;
		};
/* End XCBuildConfiguration section */

/* Begin XCConfigurationList section */
		74B7924F202B3254006BCB41 /* Build configuration list for PBXProject "Course2FinalTask" */ = {
			isa = XCConfigurationList;
			buildConfigurations = (
				74B79264202B3254006BCB41 /* Debug */,
				74B79265202B3254006BCB41 /* Release */,
			);
			defaultConfigurationIsVisible = 0;
			defaultConfigurationName = Release;
		};
		74B79266202B3254006BCB41 /* Build configuration list for PBXNativeTarget "Course2FinalTask" */ = {
			isa = XCConfigurationList;
			buildConfigurations = (
				74B79267202B3254006BCB41 /* Debug */,
				74B79268202B3254006BCB41 /* Release */,
			);
			defaultConfigurationIsVisible = 0;
			defaultConfigurationName = Release;
		};
/* End XCConfigurationList section */
	};
	rootObject = 74B7924C202B3254006BCB41 /* Project object */;
}
